github.com/aryann/difflib v0.0.0-20121123051704-035af7c09b12 h1:/zAyGdEQQlZNcatMQAiFvtdDZkd2xfQBXkYEM8t0Hpw=
github.com/aryann/difflib v0.0.0-20121123051704-035af7c09b12/go.mod h1:DAHtR1m6lCRdSC2Tm3DSWRPvIPr6xNKyeHdqDQSQT+A=
github.com/codegangsta/cli v1.19.2-0.20170424213122-ab403a54a148 h1:Wz4C+nhuec7XEEbtATllqv4yRURcFAACuFX7V8eNfBU=
github.com/codegangsta/cli v1.19.2-0.20170424213122-ab403a54a148/go.mod h1:/qJNoX69yVSKu5o4jLyXAENLRyk1uhi7zkbQ3slBdOA=
github.com/davecgh/go-spew v0.0.0-20151105211317-5215b55f46b2/go.mod h1:J7Y8YcW2NihsgmVo/mv3lAwl/skON4iLHjSsI+c5H38=
github.com/davecgh/go-spew v1.1.1 h1:vj9j/u1bqnvCEfJOwUhtlOARqs3+rkHYY13jYWTU97c=
github.com/davecgh/go-spew v1.1.1/go.mod h1:J7Y8YcW2NihsgmVo/mv3lAwl/skON4iLHjSsI+c5H38=
github.com/google/btree v0.0.0-20161217183710-316fb6d3f031 h1:yAx4v8FikdsGCBPzIaT2F+0WH0J+wcL7cQD9n3UbyOk=
github.com/google/btree v0.0.0-20161217183710-316fb6d3f031/go.mod h1:lNA+9X1NB3Zf8V7Ke586lFgjr2dZNuvo3lPJSGZ5JPQ=
github.com/gregjones/httpcache v0.0.0-20170424210139-0d2297f241a3 h1:NOl+5QpVU0pDwTkYHPouW5gRnh6NMk06/TQYUNdmMIo=
github.com/gregjones/httpcache v0.0.0-20170424210139-0d2297f241a3/go.mod h1:FecbI9+v66THATjSRHfNgh1IVFe/9kFxbXtjV0ctIMA=
github.com/peterbourgon/diskv v2.0.1-0.20160404093648-5dfcb07a075a+incompatible h1:qhD6bS05X4eckpXB/kN+EMpIKzyXIiENfr+8c05QChc=
github.com/peterbourgon/diskv v2.0.1-0.20160404093648-5dfcb07a075a+incompatible/go.mod h1:uqqh8zWWbv1HBMNONnaR/tNboyR3/BZd58JJSHlUSCU=
github.com/registrobr/rdap v1.1.0 h1:LRJlgMmTqpowctW71l9p0H8y0hvLb6RvH9oAu1GiKAc=
github.com/registrobr/rdap v1.1.0/go.mod h1:Uyljwhj0fsY1dkPnE8A0ZM+yTqNLYlw7Pmpduigrimk=
golang.org/x/net v0.0.0-20171107184841-a337091b0525/go.mod h1:mL1N/T3taQHkDXs73rZJwtUhF3w3ftmwwsq0BUmARs4=
golang.org/x/net v0.0.0-20210329181859-df645c7b52b1 h1:GDp1VG8WvY8lq4ic4L7GzKC3fNRlOa3UqUEpib8aBQE=
golang.org/x/net v0.0.0-20210329181859-df645c7b52b1/go.mod h1:uSPa2vr4CLtc/ILN5odXGNXS6mhrKVzTaCXzk9m6W3k=
golang.org/x/sys v0.0.0-20201119102817-f84b799fce68/go.mod h1:h1NjWce9XRLGQEsW7wpKNCjG9DtNlClVuFLEZdDNbEs=
golang.org/x/sys v0.0.0-20210324051608-47abb6519492/go.mod h1:h1NjWce9XRLGQEsW7wpKNCjG9DtNlClVuFLEZdDNbEs=
golang.org/x/term v0.0.0-20201126162022-7de9c90e9dd1/go.mod h1:bj7SfCRtBDWHUb9snDiAeCFNEtKQo2Wmx5Cou7ajbmo=
golang.org/x/text v0.1.1-0.20171102192421-88f656faf3f3/go.mod h1:NqM8EUOU14njkJ3fqMW+pc6Ldnwhi/IjpwHt7yyuwOQ=
golang.org/x/text v0.3.3 h1:cokOdA+Jmi5PJGXLlLllQSgYigAEfHXJAERHVMaCc2k=
golang.org/x/text v0.3.3/go.mod h1:5Zoc/QRtKVWzQhOtBMvqHzDpF6irO9z98xDceosuGiQ=
golang.org/x/tools v0.0.0-20180917221912-90fa682c2a6e/go.mod h1:n7NCudcB/nEzxVGmLbDWY5pfWTLqBcC2KZ6jyYvM4mQ=
